{
  "name": "streamlit-status",
  "version": "0.1.0",
  "lockfileVersion": 3,
  "requires": true,
  "packages": {
    "": {
      "name": "streamlit-status",
      "version": "0.1.0",
      "license": "UNLICENSED",
      "devDependencies": {
        "@cloudflare/puppeteer": "^0.0.2-alpha"
      }
    },
    "node_modules/@cloudflare/puppeteer": {
      "version": "0.0.2-alpha",
      "resolved": "https://registry.npmjs.org/@cloudflare/puppeteer/-/puppeteer-0.0.2-alpha.tgz",
      "integrity": "sha512-TIMKvtPdyctv/GK405a6LgkJ/bSkT4MAJAHhR3cpmhfxh7Ohti9GDgusdyycAcYASQIWDmucQunMYQwEh81iwg==",
      "dev": true,
      "dependencies": {
        "debug": "4.3.4",
        "devtools-protocol": "0.0.1019158",
        "events": "3.3.0",
        "stream": "0.0.2",
        "url": "0.11.0",
        "util": "0.12.5"
      },
      "engines": {
        "node": ">=14.1.0"
      }
    },
    "node_modules/available-typed-arrays": {
      "version": "1.0.5",
      "resolved": "https://registry.npmjs.org/available-typed-arrays/-/available-typed-arrays-1.0.5.tgz",
      "integrity": "sha512-DMD0KiN46eipeziST1LPP/STfDU0sufISXmjSgvVsoU2tqxctQeASejWcfNtxYKqETM1UxQ8sp2OrSBWpHY6sw==",
      "dev": true,
      "engines": {
        "node": ">= 0.4"
      },
      "funding": {
        "url": "https://github.com/sponsors/ljharb"
      }
    },
    "node_modules/call-bind": {
      "version": "1.0.2",
      "resolved": "https://registry.npmjs.org/call-bind/-/call-bind-1.0.2.tgz",
      "integrity": "sha512-7O+FbCihrB5WGbFYesctwmTKae6rOiIzmz1icreWJ+0aA7LJfuqhEso2T9ncpcFtzMQtzXf2QGGueWJGTYsqrA==",
      "dev": true,
      "dependencies": {
        "function-bind": "^1.1.1",
        "get-intrinsic": "^1.0.2"
      },
      "funding": {
        "url": "https://github.com/sponsors/ljharb"
      }
    },
    "node_modules/debug": {
      "version": "4.3.4",
      "resolved": "https://registry.npmjs.org/debug/-/debug-4.3.4.tgz",
      "integrity": "sha512-PRWFHuSU3eDtQJPvnNY7Jcket1j0t5OuOsFzPPzsekD52Zl8qUfFIPEiswXqIvHWGVHOgX+7G/vCNNhehwxfkQ==",
      "dev": true,
      "dependencies": {
        "ms": "2.1.2"
      },
      "engines": {
        "node": ">=6.0"
      },
      "peerDependenciesMeta": {
        "supports-color": {
          "optional": true
        }
      }
    },
    "node_modules/devtools-protocol": {
      "version": "0.0.1019158",
      "resolved": "https://registry.npmjs.org/devtools-protocol/-/devtools-protocol-0.0.1019158.tgz",
      "integrity": "sha512-wvq+KscQ7/6spEV7czhnZc9RM/woz1AY+/Vpd8/h2HFMwJSdTliu7f/yr1A6vDdJfKICZsShqsYpEQbdhg8AFQ==",
      "dev": true
    },
    "node_modules/emitter-component": {
      "version": "1.1.1",
      "resolved": "https://registry.npmjs.org/emitter-component/-/emitter-component-1.1.1.tgz",
      "integrity": "sha512-G+mpdiAySMuB7kesVRLuyvYRqDmshB7ReKEVuyBPkzQlmiDiLrt7hHHIy4Aff552bgknVN7B2/d3lzhGO5dvpQ==",
      "dev": true
    },
    "node_modules/events": {
      "version": "3.3.0",
      "resolved": "https://registry.npmjs.org/events/-/events-3.3.0.tgz",
      "integrity": "sha512-mQw+2fkQbALzQ7V0MY0IqdnXNOeTtP4r0lN9z7AAawCXgqea7bDii20AYrIBrFd/Hx0M2Ocz6S111CaFkUcb0Q==",
      "dev": true,
      "engines": {
        "node": ">=0.8.x"
      }
    },
    "node_modules/for-each": {
      "version": "0.3.3",
      "resolved": "https://registry.npmjs.org/for-each/-/for-each-0.3.3.tgz",
      "integrity": "sha512-jqYfLp7mo9vIyQf8ykW2v7A+2N4QjeCeI5+Dz9XraiO1ign81wjiH7Fb9vSOWvQfNtmSa4H2RoQTrrXivdUZmw==",
      "dev": true,
      "dependencies": {
        "is-callable": "^1.1.3"
      }
    },
    "node_modules/function-bind": {
      "version": "1.1.1",
      "resolved": "https://registry.npmjs.org/function-bind/-/function-bind-1.1.1.tgz",
      "integrity": "sha512-yIovAzMX49sF8Yl58fSCWJ5svSLuaibPxXQJFLmBObTuCr0Mf1KiPopGM9NiFjiYBCbfaa2Fh6breQ6ANVTI0A==",
      "dev": true
    },
    "node_modules/get-intrinsic": {
      "version": "1.2.1",
      "resolved": "https://registry.npmjs.org/get-intrinsic/-/get-intrinsic-1.2.1.tgz",
      "integrity": "sha512-2DcsyfABl+gVHEfCOaTrWgyt+tb6MSEGmKq+kI5HwLbIYgjgmMcV8KQ41uaKz1xxUcn9tJtgFbQUEVcEbd0FYw==",
      "dev": true,
      "dependencies": {
        "function-bind": "^1.1.1",
        "has": "^1.0.3",
        "has-proto": "^1.0.1",
        "has-symbols": "^1.0.3"
      },
      "funding": {
        "url": "https://github.com/sponsors/ljharb"
      }
    },
    "node_modules/gopd": {
      "version": "1.0.1",
      "resolved": "https://registry.npmjs.org/gopd/-/gopd-1.0.1.tgz",
      "integrity": "sha512-d65bNlIadxvpb/A2abVdlqKqV563juRnZ1Wtk6s1sIR8uNsXR70xqIzVqxVf1eTqDunwT2MkczEeaezCKTZhwA==",
      "dev": true,
      "dependencies": {
        "get-intrinsic": "^1.1.3"
      },
      "funding": {
        "url": "https://github.com/sponsors/ljharb"
      }
    },
    "node_modules/has": {
      "version": "1.0.3",
      "resolved": "https://registry.npmjs.org/has/-/has-1.0.3.tgz",
      "integrity": "sha512-f2dvO0VU6Oej7RkWJGrehjbzMAjFp5/VKPp5tTpWIV4JHHZK1/BxbFRtf/siA2SWTe09caDmVtYYzWEIbBS4zw==",
      "dev": true,
      "dependencies": {
        "function-bind": "^1.1.1"
      },
      "engines": {
        "node": ">= 0.4.0"
      }
    },
    "node_modules/has-proto": {
      "version": "1.0.1",
      "resolved": "https://registry.npmjs.org/has-proto/-/has-proto-1.0.1.tgz",
      "integrity": "sha512-7qE+iP+O+bgF9clE5+UoBFzE65mlBiVj3tKCrlNQ0Ogwm0BjpT/gK4SlLYDMybDh5I3TCTKnPPa0oMG7JDYrhg==",
      "dev": true,
      "engines": {
        "node": ">= 0.4"
      },
      "funding": {
        "url": "https://github.com/sponsors/ljharb"
      }
    },
    "node_modules/has-symbols": {
      "version": "1.0.3",
      "resolved": "https://registry.npmjs.org/has-symbols/-/has-symbols-1.0.3.tgz",
      "integrity": "sha512-l3LCuF6MgDNwTDKkdYGEihYjt5pRPbEg46rtlmnSPlUbgmB8LOIrKJbYYFBSbnPaJexMKtiPO8hmeRjRz2Td+A==",
      "dev": true,
      "engines": {
        "node": ">= 0.4"
      },
      "funding": {
        "url": "https://github.com/sponsors/ljharb"
      }
    },
    "node_modules/has-tostringtag": {
      "version": "1.0.0",
      "resolved": "https://registry.npmjs.org/has-tostringtag/-/has-tostringtag-1.0.0.tgz",
      "integrity": "sha512-kFjcSNhnlGV1kyoGk7OXKSawH5JOb/LzUc5w9B02hOTO0dfFRjbHQKvg1d6cf3HbeUmtU9VbbV3qzZ2Teh97WQ==",
      "dev": true,
      "dependencies": {
        "has-symbols": "^1.0.2"
      },
      "engines": {
        "node": ">= 0.4"
      },
      "funding": {
        "url": "https://github.com/sponsors/ljharb"
      }
    },
    "node_modules/inherits": {
      "version": "2.0.4",
      "resolved": "https://registry.npmjs.org/inherits/-/inherits-2.0.4.tgz",
      "integrity": "sha512-k/vGaX4/Yla3WzyMCvTQOXYeIHvqOKtnqBduzTHpzpQZzAskKMhZ2K+EnBiSM9zGSoIFeMpXKxa4dYeZIQqewQ==",
      "dev": true
    },
    "node_modules/is-arguments": {
      "version": "1.1.1",
      "resolved": "https://registry.npmjs.org/is-arguments/-/is-arguments-1.1.1.tgz",
      "integrity": "sha512-8Q7EARjzEnKpt/PCD7e1cgUS0a6X8u5tdSiMqXhojOdoV9TsMsiO+9VLC5vAmO8N7/GmXn7yjR8qnA6bVAEzfA==",
      "dev": true,
      "dependencies": {
        "call-bind": "^1.0.2",
        "has-tostringtag": "^1.0.0"
      },
      "engines": {
        "node": ">= 0.4"
      },
      "funding": {
        "url": "https://github.com/sponsors/ljharb"
      }
    },
    "node_modules/is-callable": {
      "version": "1.2.7",
      "resolved": "https://registry.npmjs.org/is-callable/-/is-callable-1.2.7.tgz",
      "integrity": "sha512-1BC0BVFhS/p0qtw6enp8e+8OD0UrK0oFLztSjNzhcKA3WDuJxxAPXzPuPtKkjEY9UUoEWlX/8fgKeu2S8i9JTA==",
      "dev": true,
      "engines": {
        "node": ">= 0.4"
      },
      "funding": {
        "url": "https://github.com/sponsors/ljharb"
      }
    },
    "node_modules/is-generator-function": {
      "version": "1.0.10",
      "resolved": "https://registry.npmjs.org/is-generator-function/-/is-generator-function-1.0.10.tgz",
      "integrity": "sha512-jsEjy9l3yiXEQ+PsXdmBwEPcOxaXWLspKdplFUVI9vq1iZgIekeC0L167qeu86czQaxed3q/Uzuw0swL0irL8A==",
      "dev": true,
      "dependencies": {
        "has-tostringtag": "^1.0.0"
      },
      "engines": {
        "node": ">= 0.4"
      },
      "funding": {
        "url": "https://github.com/sponsors/ljharb"
      }
    },
    "node_modules/is-typed-array": {
      "version": "1.1.10",
      "resolved": "https://registry.npmjs.org/is-typed-array/-/is-typed-array-1.1.10.tgz",
      "integrity": "sha512-PJqgEHiWZvMpaFZ3uTc8kHPM4+4ADTlDniuQL7cU/UDA0Ql7F70yGfHph3cLNe+c9toaigv+DFzTJKhc2CtO6A==",
      "dev": true,
      "dependencies": {
        "available-typed-arrays": "^1.0.5",
        "call-bind": "^1.0.2",
        "for-each": "^0.3.3",
        "gopd": "^1.0.1",
        "has-tostringtag": "^1.0.0"
      },
      "engines": {
        "node": ">= 0.4"
      },
      "funding": {
        "url": "https://github.com/sponsors/ljharb"
      }
    },
    "node_modules/ms": {
      "version": "2.1.2",
      "resolved": "https://registry.npmjs.org/ms/-/ms-2.1.2.tgz",
      "integrity": "sha512-sGkPx+VjMtmA6MX27oA4FBFELFCZZ4S4XqeGOXCv68tT+jb3vk/RyaKWP0PTKyWtmLSM0b+adUTEvbs1PEaH2w==",
      "dev": true
    },
    "node_modules/punycode": {
      "version": "1.3.2",
      "resolved": "https://registry.npmjs.org/punycode/-/punycode-1.3.2.tgz",
      "integrity": "sha512-RofWgt/7fL5wP1Y7fxE7/EmTLzQVnB0ycyibJ0OOHIlJqTNzglYFxVwETOcIoJqJmpDXJ9xImDv+Fq34F/d4Dw==",
      "dev": true
    },
    "node_modules/querystring": {
      "version": "0.2.0",
      "resolved": "https://registry.npmjs.org/querystring/-/querystring-0.2.0.tgz",
      "integrity": "sha512-X/xY82scca2tau62i9mDyU9K+I+djTMUsvwf7xnUX5GLvVzgJybOJf4Y6o9Zx3oJK/LSXg5tTZBjwzqVPaPO2g==",
      "deprecated": "The querystring API is considered Legacy. new code should use the URLSearchParams API instead.",
      "dev": true,
      "engines": {
        "node": ">=0.4.x"
      }
    },
    "node_modules/stream": {
      "version": "0.0.2",
      "resolved": "https://registry.npmjs.org/stream/-/stream-0.0.2.tgz",
      "integrity": "sha512-gCq3NDI2P35B2n6t76YJuOp7d6cN/C7Rt0577l91wllh0sY9ZBuw9KaSGqH/b0hzn3CWWJbpbW0W0WvQ1H/Q7g==",
      "dev": true,
      "dependencies": {
        "emitter-component": "^1.1.1"
      }
    },
    "node_modules/url": {
      "version": "0.11.0",
      "resolved": "https://registry.npmjs.org/url/-/url-0.11.0.tgz",
      "integrity": "sha512-kbailJa29QrtXnxgq+DdCEGlbTeYM2eJUxsz6vjZavrCYPMIFHMKQmSKYAIuUK2i7hgPm28a8piX5NTUtM/LKQ==",
      "dev": true,
      "dependencies": {
        "punycode": "1.3.2",
        "querystring": "0.2.0"
      }
    },
    "node_modules/util": {
      "version": "0.12.5",
      "resolved": "https://registry.npmjs.org/util/-/util-0.12.5.tgz",
      "integrity": "sha512-kZf/K6hEIrWHI6XqOFUiiMa+79wE/D8Q+NCNAWclkyg3b4d2k7s0QGepNjiABc+aR3N1PAyHL7p6UcLY6LmrnA==",
      "dev": true,
      "dependencies": {
        "inherits": "^2.0.3",
        "is-arguments": "^1.0.4",
        "is-generator-function": "^1.0.7",
        "is-typed-array": "^1.1.3",
        "which-typed-array": "^1.1.2"
      }
    },
    "node_modules/which-typed-array": {
      "version": "1.1.10",
      "resolved": "https://registry.npmjs.org/which-typed-array/-/which-typed-array-1.1.10.tgz",
      "integrity": "sha512-uxoA5vLUfRPdjCuJ1h5LlYdmTLbYfums398v3WLkM+i/Wltl2/XyZpQWKbN++ck5L64SR/grOHqtXCUKmlZPNA==",
      "dev": true,
      "dependencies": {
        "available-typed-arrays": "^1.0.5",
        "call-bind": "^1.0.2",
        "for-each": "^0.3.3",
        "gopd": "^1.0.1",
        "has-tostringtag": "^1.0.0",
        "is-typed-array": "^1.1.10"
      },
      "engines": {
        "node": ">= 0.4"
      },
      "funding": {
        "url": "https://github.com/sponsors/ljharb"
      }
    }
  }
}
